
Microsoft Visual Studio Solution File, Format Version 12.00
# Visual Studio Version 16
VisualStudioVersion = 16.0.31229.75
MinimumVisualStudioVersion = 10.0.40219.1
Project("{9A19103F-16F7-4668-BE54-9A1E7A4F7556}") = "CoreDemo", "CoreDemo\CoreDemo.csproj", "{BE31744F-B770-4B1A-AC3C-772E54A9C76B}"
EndProject
Project("{9A19103F-16F7-4668-BE54-9A1E7A4F7556}") = "EntityLayer", "EntityLayer\EntityLayer.csproj", "{3026CBD3-4150-400B-B79C-86A3A804178F}"
EndProject
Project("{FAE04EC0-301F-11D3-BF4B-00C04F79EFBC}") = "DataAccessLayer", "DataAccessLayer\DataAccessLayer.csproj", "{13033303-8A82-4FEF-85C3-1E98FC606922}"
EndProject
Project("{FAE04EC0-301F-11D3-BF4B-00C04F79EFBC}") = "BusinessLayer", "BusinessLayer\BusinessLayer.csproj", "{6739E384-1876-4583-BBE9-AED60DBBE907}"
EndProject
Project("{FAE04EC0-301F-11D3-BF4B-00C04F79EFBC}") = "CoreLayer", "CoreLayer\CoreLayer.csproj", "{ED354491-8285-454F-BB5A-8D3B94882791}"
EndProject
Global
	GlobalSection(SolutionConfigurationPlatforms) = preSolution
		Debug|Any CPU = Debug|Any CPU
		Release|Any CPU = Release|Any CPU
	EndGlobalSection
	GlobalSection(ProjectConfigurationPlatforms) = postSolution
		{BE31744F-B770-4B1A-AC3C-772E54A9C76B}.Debug|Any CPU.ActiveCfg = Debug|Any CPU
		{BE31744F-B770-4B1A-AC3C-772E54A9C76B}.Debug|Any CPU.Build.0 = Debug|Any CPU
		{BE31744F-B770-4B1A-AC3C-772E54A9C76B}.Release|Any CPU.ActiveCfg = Release|Any CPU
		{BE31744F-B770-4B1A-AC3C-772E54A9C76B}.Release|Any CPU.Build.0 = Release|Any CPU
		{3026CBD3-4150-400B-B79C-86A3A804178F}.Debug|Any CPU.ActiveCfg = Debug|Any CPU
		{3026CBD3-4150-400B-B79C-86A3A804178F}.Debug|Any CPU.Build.0 = Debug|Any CPU
		{3026CBD3-4150-400B-B79C-86A3A804178F}.Release|Any CPU.ActiveCfg = Release|Any CPU
		{3026CBD3-4150-400B-B79C-86A3A804178F}.Release|Any CPU.Build.0 = Release|Any CPU
		{13033303-8A82-4FEF-85C3-1E98FC606922}.Debug|Any CPU.ActiveCfg = Debug|Any CPU
		{13033303-8A82-4FEF-85C3-1E98FC606922}.Debug|Any CPU.Build.0 = Debug|Any CPU
		{13033303-8A82-4FEF-85C3-1E98FC606922}.Release|Any CPU.ActiveCfg = Release|Any CPU
		{13033303-8A82-4FEF-85C3-1E98FC606922}.Release|Any CPU.Build.0 = Release|Any CPU
		{6739E384-1876-4583-BBE9-AED60DBBE907}.Debug|Any CPU.ActiveCfg = Debug|Any CPU
		{6739E384-1876-4583-BBE9-AED60DBBE907}.Debug|Any CPU.Build.0 = Debug|Any CPU
		{6739E384-1876-4583-BBE9-AED60DBBE907}.Release|Any CPU.ActiveCfg = Release|Any CPU
		{6739E384-1876-4583-BBE9-AED60DBBE907}.Release|Any CPU.Build.0 = Release|Any CPU
		{ED354491-8285-454F-BB5A-8D3B94882791}.Debug|Any CPU.ActiveCfg = Debug|Any CPU
		{ED354491-8285-454F-BB5A-8D3B94882791}.Debug|Any CPU.Build.0 = Debug|Any CPU
		{ED354491-8285-454F-BB5A-8D3B94882791}.Release|Any CPU.ActiveCfg = Release|Any CPU
		{ED354491-8285-454F-BB5A-8D3B94882791}.Release|Any CPU.Build.0 = Release|Any CPU
	EndGlobalSection
	GlobalSection(SolutionProperties) = preSolution
		HideSolutionNode = FALSE
	EndGlobalSection
	GlobalSection(ExtensibilityGlobals) = postSolution
		SolutionGuid = {D93D0B48-B33D-4CFD-94C3-A19326B391A6}
	EndGlobalSection
EndGlobal
